<?xml version="1.0" encoding="utf-8"?>
<Project ToolsVersion="4.0" xmlns="http://schemas.microsoft.com/developer/msbuild/2003">
  <ItemGroup>
    <Filter Include="소스 파일">
      <UniqueIdentifier>{4FC737F1-C7A5-4376-A066-2A32D752A2FF}</UniqueIdentifier>
      <Extensions>cpp;c;cc;cxx;c++;cppm;ixx;def;odl;idl;hpj;bat;asm;asmx</Extensions>
    </Filter>
    <Filter Include="헤더 파일">
      <UniqueIdentifier>{93995380-89BD-4b04-88EB-625FBE52EBFB}</UniqueIdentifier>
      <Extensions>h;hh;hpp;hxx;h++;hm;inl;inc;ipp;xsd</Extensions>
    </Filter>
    <Filter Include="리소스 파일">
      <UniqueIdentifier>{67DA6AB6-F800-4c08-8B7A-83BB121AAD01}</UniqueIdentifier>
      <Extensions>rc;ico;cur;bmp;dlg;rc2;rct;bin;rgs;gif;jpg;jpeg;jpe;resx;tiff;tif;png;wav;mfcribbon-ms</Extensions>
    </Filter>
    <Filter Include="Engine">
      <UniqueIdentifier>{b33bfb70-4598-4bd8-af31-97d2829c2304}</UniqueIdentifier>
    </Filter>
    <Filter Include="Resource">
      <UniqueIdentifier>{1bfb2ca0-a97c-4b44-bdf5-e7b96b58af8f}</UniqueIdentifier>
    </Filter>
    <Filter Include="Scene">
      <UniqueIdentifier>{bf4957b4-7b92-468d-9b5c-19ba5d19d2bb}</UniqueIdentifier>
    </Filter>
    <Filter Include="Util">
      <UniqueIdentifier>{036422ff-2825-46f6-af42-026a111b9920}</UniqueIdentifier>
    </Filter>
    <Filter Include="Engine\Component">
      <UniqueIdentifier>{06cf65a8-d2cb-463b-a375-d0c9a90e5817}</UniqueIdentifier>
    </Filter>
    <Filter Include="Engine\Core">
      <UniqueIdentifier>{17ce3166-4be9-4d6d-82e7-62e025b91c2d}</UniqueIdentifier>
    </Filter>
    <Filter Include="Engine\Manager">
      <UniqueIdentifier>{04d48523-13d0-4dc6-b289-133243f66ea3}</UniqueIdentifier>
    </Filter>
    <Filter Include="Engine\Component\Animator">
      <UniqueIdentifier>{f8003c06-1d68-4547-9e8b-3e42d9558c53}</UniqueIdentifier>
    </Filter>
    <Filter Include="Engine\Component\Collider">
      <UniqueIdentifier>{2e20b25e-95b6-48e7-abbc-25f03d532c92}</UniqueIdentifier>
    </Filter>
    <Filter Include="Engine\Component\Animator\Animation">
      <UniqueIdentifier>{6bcc80e6-3766-4abf-a0f8-2bb37664d6e4}</UniqueIdentifier>
    </Filter>
    <Filter Include="Object">
      <UniqueIdentifier>{58916fc6-8792-40f6-a2bb-43bb86f2a1af}</UniqueIdentifier>
    </Filter>
    <Filter Include="Object\Tile">
      <UniqueIdentifier>{6e612200-fb10-4102-8a1f-3c93855b3ee1}</UniqueIdentifier>
    </Filter>
    <Filter Include="Object\UI">
      <UniqueIdentifier>{425f73d7-dde8-45ac-ad56-bc100d5e0509}</UniqueIdentifier>
    </Filter>
    <Filter Include="Resource\Texture">
      <UniqueIdentifier>{675cf8b5-9e36-493e-a780-f2270f5fef90}</UniqueIdentifier>
    </Filter>
    <Filter Include="Resource\Sound">
      <UniqueIdentifier>{9385de4f-e4b9-4de2-b94c-cffc93a3c638}</UniqueIdentifier>
    </Filter>
    <Filter Include="Resource\CD2DImage">
      <UniqueIdentifier>{631a62cd-2e82-4ccd-b3ad-b45f4d32936d}</UniqueIdentifier>
    </Filter>
    <Filter Include="Engine\Component\AI">
      <UniqueIdentifier>{0e17342e-df48-44ee-86a6-6035dab30e17}</UniqueIdentifier>
    </Filter>
    <Filter Include="Engine\Component\AI\State">
      <UniqueIdentifier>{8735b109-95fb-4b1f-a9a6-b2c02a80233f}</UniqueIdentifier>
    </Filter>
    <Filter Include="Object\Title">
      <UniqueIdentifier>{7299c995-dc2f-4a5c-9046-23d3fc0e2aec}</UniqueIdentifier>
    </Filter>
  </ItemGroup>
  <ItemGroup>
    <ClInclude Include="framework.h">
      <Filter>헤더 파일</Filter>
    </ClInclude>
    <ClInclude Include="targetver.h">
      <Filter>헤더 파일</Filter>
    </ClInclude>
    <ClInclude Include="Resource.h">
      <Filter>헤더 파일</Filter>
    </ClInclude>
    <ClInclude Include="Enter-The-Gungeon.h">
      <Filter>헤더 파일</Filter>
    </ClInclude>
    <ClInclude Include="CCollider.h">
      <Filter>Engine\Component\Collider</Filter>
    </ClInclude>
    <ClInclude Include="CAnimation.h">
      <Filter>Engine\Component\Animator\Animation</Filter>
    </ClInclude>
    <ClInclude Include="CAnimator.h">
      <Filter>Engine\Component\Animator</Filter>
    </ClInclude>
    <ClInclude Include="CCore.h">
      <Filter>Engine\Core</Filter>
    </ClInclude>
    <ClInclude Include="CCameraManager.h">
      <Filter>Engine\Manager</Filter>
    </ClInclude>
    <ClInclude Include="CCollisionManager.h">
      <Filter>Engine\Manager</Filter>
    </ClInclude>
    <ClInclude Include="CEventManager.h">
      <Filter>Engine\Manager</Filter>
    </ClInclude>
    <ClInclude Include="CKeyManager.h">
      <Filter>Engine\Manager</Filter>
    </ClInclude>
    <ClInclude Include="CPathManager.h">
      <Filter>Engine\Manager</Filter>
    </ClInclude>
    <ClInclude Include="CRenderManager.h">
      <Filter>Engine\Manager</Filter>
    </ClInclude>
    <ClInclude Include="CResourceManager.h">
      <Filter>Engine\Manager</Filter>
    </ClInclude>
    <ClInclude Include="CSceneManager.h">
      <Filter>Engine\Manager</Filter>
    </ClInclude>
    <ClInclude Include="CSoundManager.h">
      <Filter>Engine\Manager</Filter>
    </ClInclude>
    <ClInclude Include="CTimeManager.h">
      <Filter>Engine\Manager</Filter>
    </ClInclude>
    <ClInclude Include="CUIManager.h">
      <Filter>Engine\Manager</Filter>
    </ClInclude>
    <ClInclude Include="CGameObject.h">
      <Filter>Object</Filter>
    </ClInclude>
    <ClInclude Include="CTile.h">
      <Filter>Object\Tile</Filter>
    </ClInclude>
    <ClInclude Include="CPanelUI.h">
      <Filter>Object\UI</Filter>
    </ClInclude>
    <ClInclude Include="CButtonUI.h">
      <Filter>Object\UI</Filter>
    </ClInclude>
    <ClInclude Include="CUI.h">
      <Filter>Object\UI</Filter>
    </ClInclude>
    <ClInclude Include="Logger.h">
      <Filter>Util</Filter>
    </ClInclude>
    <ClInclude Include="SingleTon.h">
      <Filter>Util</Filter>
    </ClInclude>
    <ClInclude Include="struct.h">
      <Filter>Util</Filter>
    </ClInclude>
    <ClInclude Include="CD2DImage.h">
      <Filter>Resource\CD2DImage</Filter>
    </ClInclude>
    <ClInclude Include="CResource.h">
      <Filter>Resource</Filter>
    </ClInclude>
    <ClInclude Include="CSound.h">
      <Filter>Resource\Sound</Filter>
    </ClInclude>
    <ClInclude Include="CTexture.h">
      <Filter>Resource\Texture</Filter>
    </ClInclude>
    <ClInclude Include="CScene.h">
      <Filter>Scene</Filter>
    </ClInclude>
    <ClInclude Include="CScene_Title.h">
      <Filter>Scene</Filter>
    </ClInclude>
    <ClInclude Include="CPlayer.h">
      <Filter>Object</Filter>
    </ClInclude>
    <ClInclude Include="AI.h">
      <Filter>Engine\Component\AI</Filter>
    </ClInclude>
    <ClInclude Include="CState.h">
      <Filter>Engine\Component\AI\State</Filter>
    </ClInclude>
    <ClInclude Include="CIdleState.h">
      <Filter>Engine\Component\AI\State</Filter>
    </ClInclude>
    <ClInclude Include="CImageObject.h">
      <Filter>Object\Title</Filter>
    </ClInclude>
    <ClInclude Include="CImageButton.h">
      <Filter>Object\Title</Filter>
    </ClInclude>
  </ItemGroup>
  <ItemGroup>
    <ClCompile Include="CCollider.cpp">
      <Filter>Engine\Component\Collider</Filter>
    </ClCompile>
    <ClCompile Include="CAnimation.cpp">
      <Filter>Engine\Component\Animator\Animation</Filter>
    </ClCompile>
    <ClCompile Include="CAnimator.cpp">
      <Filter>Engine\Component\Animator</Filter>
    </ClCompile>
    <ClCompile Include="CCore.cpp">
      <Filter>Engine\Core</Filter>
    </ClCompile>
    <ClCompile Include="CCameraManager.cpp">
      <Filter>Engine\Manager</Filter>
    </ClCompile>
    <ClCompile Include="CCollisionManager.cpp">
      <Filter>Engine\Manager</Filter>
    </ClCompile>
    <ClCompile Include="Enter-The-Gungeon.cpp">
      <Filter>소스 파일</Filter>
    </ClCompile>
    <ClCompile Include="CEventManager.cpp">
      <Filter>Engine\Manager</Filter>
    </ClCompile>
    <ClCompile Include="CKeyManager.cpp">
      <Filter>Engine\Manager</Filter>
    </ClCompile>
    <ClCompile Include="CPathManager.cpp">
      <Filter>Engine\Manager</Filter>
    </ClCompile>
    <ClCompile Include="CRenderManager.cpp">
      <Filter>Engine\Manager</Filter>
    </ClCompile>
    <ClCompile Include="CResourceManager.cpp">
      <Filter>Engine\Manager</Filter>
    </ClCompile>
    <ClCompile Include="CSceneManager.cpp">
      <Filter>Engine\Manager</Filter>
    </ClCompile>
    <ClCompile Include="CSoundManager.cpp">
      <Filter>Engine\Manager</Filter>
    </ClCompile>
    <ClCompile Include="CTimeManager.cpp">
      <Filter>Engine\Manager</Filter>
    </ClCompile>
    <ClCompile Include="CUIManager.cpp">
      <Filter>Engine\Manager</Filter>
    </ClCompile>
    <ClCompile Include="CGameObject.cpp">
      <Filter>Object</Filter>
    </ClCompile>
    <ClCompile Include="CTile.cpp">
      <Filter>Object\Tile</Filter>
    </ClCompile>
    <ClCompile Include="CUI.cpp">
      <Filter>Object\UI</Filter>
    </ClCompile>
    <ClCompile Include="CPanelUI.cpp">
      <Filter>Object\UI</Filter>
    </ClCompile>
    <ClCompile Include="CButtonUI.cpp">
      <Filter>Object\UI</Filter>
    </ClCompile>
    <ClCompile Include="CD2DImage.cpp">
      <Filter>Resource\CD2DImage</Filter>
    </ClCompile>
    <ClCompile Include="CResource.cpp">
      <Filter>Resource</Filter>
    </ClCompile>
    <ClCompile Include="CSound.cpp">
      <Filter>Resource\Sound</Filter>
    </ClCompile>
    <ClCompile Include="CTexture.cpp">
      <Filter>Resource\Texture</Filter>
    </ClCompile>
    <ClCompile Include="CScene.cpp">
      <Filter>Scene</Filter>
    </ClCompile>
    <ClCompile Include="CScene_Title.cpp">
      <Filter>Scene</Filter>
    </ClCompile>
    <ClCompile Include="CPlayer.cpp">
      <Filter>Object</Filter>
    </ClCompile>
    <ClCompile Include="AI.cpp">
      <Filter>Engine\Component\AI</Filter>
    </ClCompile>
    <ClCompile Include="CState.cpp">
      <Filter>Engine\Component\AI\State</Filter>
    </ClCompile>
    <ClCompile Include="CIdleState.cpp">
      <Filter>Engine\Component\AI\State</Filter>
    </ClCompile>
    <ClCompile Include="CImageObject.cpp">
      <Filter>Object\Title</Filter>
    </ClCompile>
    <ClCompile Include="CImageButton.cpp">
      <Filter>Object\Title</Filter>
    </ClCompile>
  </ItemGroup>
  <ItemGroup>
    <ResourceCompile Include="Enter-The-Gungeon.rc">
      <Filter>리소스 파일</Filter>
    </ResourceCompile>
  </ItemGroup>
  <ItemGroup>
    <Image Include="small.ico">
      <Filter>리소스 파일</Filter>
    </Image>
    <Image Include="Enter-The-Gungeon.ico">
      <Filter>리소스 파일</Filter>
    </Image>
  </ItemGroup>
  <ItemGroup>
    <None Include="ClassDiagram.cd" />
  </ItemGroup>
</Project>